{
  "version": 4,
  "terraform_version": "1.14.0",
  "serial": 16,
  "lineage": "7063f11e-b14f-38bf-319f-395e5e7d5b97",
  "outputs": {
    "all_private_ips": {
      "value": [
        "192.168.100.108",
        "192.168.100.100",
        "192.168.100.189"
      ],
      "type": [
        "tuple",
        [
          "string",
          "string",
          "string"
        ]
      ]
    },
    "ansible_master_ssh": {
      "value": [
        {
          "ansible_host": "10.0.1.56",
          "name": "master-32204837-1",
          "port": 3022
        }
      ],
      "type": [
        "tuple",
        [
          [
            "object",
            {
              "ansible_host": "string",
              "name": "string",
              "port": "number"
            }
          ]
        ]
      ]
    },
    "ansible_worker_ssh": {
      "value": [
        {
          "ansible_host": "10.0.1.56",
          "name": "worker-32204837-1",
          "port": 3023,
          "role": "jenkins"
        },
        {
          "ansible_host": "10.0.1.56",
          "name": "worker-32204837-2",
          "port": 3024,
          "role": "gitlab"
        }
      ],
      "type": [
        "tuple",
        [
          [
            "object",
            {
              "ansible_host": "string",
              "name": "string",
              "port": "number",
              "role": "string"
            }
          ],
          [
            "object",
            {
              "ansible_host": "string",
              "name": "string",
              "port": "number",
              "role": "string"
            }
          ]
        ]
      ]
    },
    "master_private_ips": {
      "value": [
        "192.168.100.108"
      ],
      "type": [
        "tuple",
        [
          "string"
        ]
      ]
    },
    "public_ip": {
      "value": "10.0.1.56",
      "type": "string"
    },
    "worker_private_ips": {
      "value": [
        "192.168.100.100",
        "192.168.100.189"
      ],
      "type": [
        "tuple",
        [
          "string",
          "string"
        ]
      ]
    }
  },
  "resources": [
    {
      "mode": "data",
      "type": "cloudstack_service_offering",
      "name": "large",
      "provider": "provider[\"registry.terraform.io/cloudstack/cloudstack\"]",
      "instances": [
        {
          "schema_version": 0,
          "attributes": {
            "display_text": "XLarge",
            "filter": [
              {
                "name": "name",
                "value": "Large"
              }
            ],
            "id": "07e7d23a-af82-4e12-9757-efd504d58ad3",
            "name": "XLarge"
          },
          "sensitive_attributes": [],
          "identity_schema_version": 0
        }
      ]
    },
    {
      "mode": "data",
      "type": "cloudstack_template",
      "name": "ubuntu",
      "provider": "provider[\"registry.terraform.io/cloudstack/cloudstack\"]",
      "instances": [
        {
          "schema_version": 0,
          "attributes": {
            "account": "boan",
            "created": "2025-08-31T23:19:04+0900",
            "display_text": "Ubuntu_24.04_VSCode",
            "filter": [
              {
                "name": "name",
                "value": "Ubuntu_24.04"
              }
            ],
            "format": "QCOW2",
            "hypervisor": "KVM",
            "id": "b335d8d4-02d1-4b30-9c9d-df0b05903055",
            "name": "Ubuntu_24.04_VSCode",
            "size": null,
            "tags": {},
            "template_filter": "featured",
            "template_id": "b335d8d4-02d1-4b30-9c9d-df0b05903055"
          },
          "sensitive_attributes": [],
          "identity_schema_version": 0
        }
      ]
    },
    {
      "mode": "data",
      "type": "cloudstack_zone",
      "name": "dku",
      "provider": "provider[\"registry.terraform.io/cloudstack/cloudstack\"]",
      "instances": [
        {
          "schema_version": 0,
          "attributes": {
            "dns1": "",
            "filter": [
              {
                "name": "name",
                "value": "DKU"
              }
            ],
            "id": "7b9de49f-6879-4b4e-8c0c-13f7ff0a86d4",
            "internal_dns1": "",
            "name": "DKU",
            "network_type": "Advanced"
          },
          "sensitive_attributes": [],
          "identity_schema_version": 0
        }
      ]
    },
    {
      "mode": "managed",
      "type": "cloudstack_egress_firewall",
      "name": "egress_all",
      "provider": "provider[\"registry.terraform.io/cloudstack/cloudstack\"]",
      "instances": [
        {
          "schema_version": 0,
          "attributes": {
            "id": "c6626496-468b-4558-9cb0-f13a3bb821fe",
            "managed": false,
            "network_id": "c6626496-468b-4558-9cb0-f13a3bb821fe",
            "parallelism": 2,
            "rule": [
              {
                "cidr_list": [
                  "192.168.100.0/24"
                ],
                "icmp_code": 0,
                "icmp_type": 0,
                "ports": [],
                "protocol": "all",
                "uuids": {
                  "all": "f93d6c1d-25aa-4bef-ac9e-20fe15f66a77"
                }
              }
            ]
          },
          "sensitive_attributes": [],
          "identity_schema_version": 0,
          "private": "bnVsbA==",
          "dependencies": [
            "cloudstack_network.isolated",
            "data.cloudstack_zone.dku"
          ]
        }
      ]
    },
    {
      "mode": "managed",
      "type": "cloudstack_firewall",
      "name": "public_fw",
      "provider": "provider[\"registry.terraform.io/cloudstack/cloudstack\"]",
      "instances": [
        {
          "schema_version": 0,
          "attributes": {
            "id": "1706386a-ed34-419f-a3e5-51977240b56c",
            "ip_address_id": "1706386a-ed34-419f-a3e5-51977240b56c",
            "managed": false,
            "parallelism": 2,
            "rule": [
              {
                "cidr_list": [
                  "0.0.0.0/0"
                ],
                "icmp_code": 0,
                "icmp_type": 0,
                "ports": [
                  "30022"
                ],
                "protocol": "tcp",
                "uuids": {
                  "30022": "8a37418b-4b14-4b01-8295-47c37deabd7c"
                }
              },
              {
                "cidr_list": [
                  "0.0.0.0/0"
                ],
                "icmp_code": 0,
                "icmp_type": 0,
                "ports": [
                  "30080"
                ],
                "protocol": "tcp",
                "uuids": {
                  "30080": "f0e22f6a-1c04-4691-8669-de4294be0522"
                }
              },
              {
                "cidr_list": [
                  "0.0.0.0/0"
                ],
                "icmp_code": 0,
                "icmp_type": 0,
                "ports": [
                  "3022"
                ],
                "protocol": "tcp",
                "uuids": {
                  "3022": "8c91467e-fdc0-4309-ab6b-ca4042f1efdd"
                }
              },
              {
                "cidr_list": [
                  "0.0.0.0/0"
                ],
                "icmp_code": 0,
                "icmp_type": 0,
                "ports": [
                  "3023"
                ],
                "protocol": "tcp",
                "uuids": {
                  "3023": "289349a3-82b3-401b-b3f7-cd03481fc5bb"
                }
              },
              {
                "cidr_list": [
                  "0.0.0.0/0"
                ],
                "icmp_code": 0,
                "icmp_type": 0,
                "ports": [
                  "3024"
                ],
                "protocol": "tcp",
                "uuids": {
                  "3024": "8164f583-d8e7-4dbe-846f-7bc6a344d557"
                }
              },
              {
                "cidr_list": [
                  "0.0.0.0/0"
                ],
                "icmp_code": 0,
                "icmp_type": 0,
                "ports": [
                  "30500"
                ],
                "protocol": "tcp",
                "uuids": {
                  "30500": "f0884a27-2566-46de-831c-56502e45ec6e"
                }
              },
              {
                "cidr_list": [
                  "0.0.0.0/0"
                ],
                "icmp_code": 0,
                "icmp_type": 0,
                "ports": [
                  "30880"
                ],
                "protocol": "tcp",
                "uuids": {
                  "30880": "24665e55-7f13-4168-837b-6448d95a5010"
                }
              }
            ]
          },
          "sensitive_attributes": [],
          "identity_schema_version": 0,
          "private": "bnVsbA==",
          "dependencies": [
            "cloudstack_instance.master",
            "cloudstack_instance.worker",
            "cloudstack_ipaddress.public",
            "cloudstack_network.isolated",
            "data.cloudstack_template.ubuntu",
            "data.cloudstack_zone.dku"
          ]
        }
      ]
    },
    {
      "mode": "managed",
      "type": "cloudstack_instance",
      "name": "master",
      "provider": "provider[\"registry.terraform.io/cloudstack/cloudstack\"]",
      "instances": [
        {
          "index_key": 0,
          "schema_version": 0,
          "attributes": {
            "affinity_group_ids": null,
            "affinity_group_names": null,
            "cluster_id": null,
            "details": null,
            "display_name": "master-32204837-1",
            "expunge": true,
            "group": "",
            "host_id": null,
            "id": "743eff1d-e5f6-4e52-a974-0b3ea81b3916",
            "ip_address": "192.168.100.108",
            "keypair": null,
            "name": "master-32204837-1",
            "network_id": "c6626496-468b-4558-9cb0-f13a3bb821fe",
            "nicnetworklist": null,
            "pod_id": null,
            "project": "",
            "properties": null,
            "root_disk_size": 20,
            "security_group_ids": null,
            "security_group_names": null,
            "service_offering": "164cabda-4e0a-435e-b413-5eb42e3197c1",
            "start_vm": true,
            "tags": {},
            "template": "b335d8d4-02d1-4b30-9c9d-df0b05903055",
            "uefi": false,
            "user_data": "743774836901b4d6dc64de063f4795e96802c010",
            "zone": "DKU"
          },
          "sensitive_attributes": [],
          "identity_schema_version": 0,
          "private": "bnVsbA==",
          "dependencies": [
            "cloudstack_network.isolated",
            "data.cloudstack_template.ubuntu",
            "data.cloudstack_zone.dku"
          ]
        }
      ]
    },
    {
      "mode": "managed",
      "type": "cloudstack_instance",
      "name": "worker",
      "provider": "provider[\"registry.terraform.io/cloudstack/cloudstack\"]",
      "instances": [
        {
          "index_key": 0,
          "schema_version": 0,
          "attributes": {
            "affinity_group_ids": null,
            "affinity_group_names": null,
            "cluster_id": null,
            "details": null,
            "display_name": "worker-32204837-1",
            "expunge": true,
            "group": "",
            "host_id": null,
            "id": "2f84d8f0-ab67-4c4d-b259-b7381dad2d99",
            "ip_address": "192.168.100.100",
            "keypair": null,
            "name": "worker-32204837-1",
            "network_id": "c6626496-468b-4558-9cb0-f13a3bb821fe",
            "nicnetworklist": null,
            "pod_id": null,
            "project": "",
            "properties": null,
            "root_disk_size": 20,
            "security_group_ids": null,
            "security_group_names": null,
            "service_offering": "164cabda-4e0a-435e-b413-5eb42e3197c1",
            "start_vm": true,
            "tags": {},
            "template": "b335d8d4-02d1-4b30-9c9d-df0b05903055",
            "uefi": false,
            "user_data": "743774836901b4d6dc64de063f4795e96802c010",
            "zone": "DKU"
          },
          "sensitive_attributes": [],
          "identity_schema_version": 0,
          "private": "bnVsbA==",
          "dependencies": [
            "cloudstack_network.isolated",
            "data.cloudstack_template.ubuntu",
            "data.cloudstack_zone.dku"
          ]
        },
        {
          "index_key": 1,
          "schema_version": 0,
          "attributes": {
            "affinity_group_ids": null,
            "affinity_group_names": null,
            "cluster_id": null,
            "details": null,
            "display_name": "worker-32204837-2",
            "expunge": true,
            "group": "",
            "host_id": null,
            "id": "99956114-f3c1-436d-8f4c-ffcfe65e73b5",
            "ip_address": "192.168.100.189",
            "keypair": null,
            "name": "worker-32204837-2",
            "network_id": "c6626496-468b-4558-9cb0-f13a3bb821fe",
            "nicnetworklist": null,
            "pod_id": null,
            "project": "",
            "properties": null,
            "root_disk_size": 20,
            "security_group_ids": null,
            "security_group_names": null,
            "service_offering": "164cabda-4e0a-435e-b413-5eb42e3197c1",
            "start_vm": true,
            "tags": {},
            "template": "b335d8d4-02d1-4b30-9c9d-df0b05903055",
            "uefi": false,
            "user_data": "743774836901b4d6dc64de063f4795e96802c010",
            "zone": "DKU"
          },
          "sensitive_attributes": [],
          "identity_schema_version": 0,
          "private": "bnVsbA==",
          "dependencies": [
            "cloudstack_network.isolated",
            "data.cloudstack_template.ubuntu",
            "data.cloudstack_zone.dku"
          ]
        }
      ]
    },
    {
      "mode": "managed",
      "type": "cloudstack_ipaddress",
      "name": "public",
      "provider": "provider[\"registry.terraform.io/cloudstack/cloudstack\"]",
      "instances": [
        {
          "schema_version": 0,
          "attributes": {
            "id": "1706386a-ed34-419f-a3e5-51977240b56c",
            "ip_address": "10.0.1.56",
            "is_portable": false,
            "is_source_nat": true,
            "network_id": "c6626496-468b-4558-9cb0-f13a3bb821fe",
            "project": "",
            "tags": {},
            "vpc_id": null,
            "zone": null
          },
          "sensitive_attributes": [],
          "identity_schema_version": 0,
          "private": "bnVsbA==",
          "dependencies": [
            "cloudstack_network.isolated",
            "data.cloudstack_zone.dku"
          ]
        }
      ]
    },
    {
      "mode": "managed",
      "type": "cloudstack_network",
      "name": "isolated",
      "provider": "provider[\"registry.terraform.io/cloudstack/cloudstack\"]",
      "instances": [
        {
          "schema_version": 0,
          "attributes": {
            "acl_id": "none",
            "cidr": "192.168.100.0/24",
            "display_text": "Terraform Isolated Network",
            "endip": null,
            "gateway": "192.168.100.1",
            "id": "c6626496-468b-4558-9cb0-f13a3bb821fe",
            "name": "terraform-32204837",
            "network_domain": "cs3bdku.kloud.internal",
            "network_offering": "DefaultIsolatedNetworkOfferingWithSourceNatService",
            "project": "",
            "source_nat_ip": null,
            "source_nat_ip_address": null,
            "source_nat_ip_id": null,
            "startip": null,
            "tags": {},
            "vlan": null,
            "vpc_id": "",
            "zone": "DKU"
          },
          "sensitive_attributes": [],
          "identity_schema_version": 0,
          "private": "bnVsbA==",
          "dependencies": [
            "data.cloudstack_zone.dku"
          ]
        }
      ]
    },
    {
      "mode": "managed",
      "type": "cloudstack_port_forward",
      "name": "services",
      "provider": "provider[\"registry.terraform.io/cloudstack/cloudstack\"]",
      "instances": [
        {
          "index_key": "gitlab_http",
          "schema_version": 0,
          "attributes": {
            "forward": [
              {
                "private_port": 80,
                "protocol": "tcp",
                "public_port": 30080,
                "uuid": "2dfc1168-bd7c-47e3-ba31-9abf8a55c807",
                "virtual_machine_id": "2f84d8f0-ab67-4c4d-b259-b7381dad2d99",
                "vm_guest_ip": ""
              }
            ],
            "id": "1706386a-ed34-419f-a3e5-51977240b56c",
            "ip_address_id": "1706386a-ed34-419f-a3e5-51977240b56c",
            "managed": false,
            "project": null
          },
          "sensitive_attributes": [],
          "identity_schema_version": 0,
          "private": "bnVsbA==",
          "dependencies": [
            "cloudstack_instance.worker",
            "cloudstack_ipaddress.public",
            "cloudstack_network.isolated",
            "data.cloudstack_template.ubuntu",
            "data.cloudstack_zone.dku"
          ]
        },
        {
          "index_key": "gitlab_ssh",
          "schema_version": 0,
          "attributes": {
            "forward": [
              {
                "private_port": 22,
                "protocol": "tcp",
                "public_port": 30022,
                "uuid": "cbe18575-5bfb-46a2-9dba-a8806263e40d",
                "virtual_machine_id": "2f84d8f0-ab67-4c4d-b259-b7381dad2d99",
                "vm_guest_ip": ""
              }
            ],
            "id": "1706386a-ed34-419f-a3e5-51977240b56c",
            "ip_address_id": "1706386a-ed34-419f-a3e5-51977240b56c",
            "managed": false,
            "project": null
          },
          "sensitive_attributes": [],
          "identity_schema_version": 0,
          "private": "bnVsbA==",
          "dependencies": [
            "cloudstack_instance.worker",
            "cloudstack_ipaddress.public",
            "cloudstack_network.isolated",
            "data.cloudstack_template.ubuntu",
            "data.cloudstack_zone.dku"
          ]
        },
        {
          "index_key": "jenkins_http",
          "schema_version": 0,
          "attributes": {
            "forward": [
              {
                "private_port": 8080,
                "protocol": "tcp",
                "public_port": 30880,
                "uuid": "a55c3bdd-09f7-4eb2-ad70-816ee46d1ef7",
                "virtual_machine_id": "2f84d8f0-ab67-4c4d-b259-b7381dad2d99",
                "vm_guest_ip": ""
              }
            ],
            "id": "1706386a-ed34-419f-a3e5-51977240b56c",
            "ip_address_id": "1706386a-ed34-419f-a3e5-51977240b56c",
            "managed": false,
            "project": null
          },
          "sensitive_attributes": [],
          "identity_schema_version": 0,
          "private": "bnVsbA==",
          "dependencies": [
            "cloudstack_instance.worker",
            "cloudstack_ipaddress.public",
            "cloudstack_network.isolated",
            "data.cloudstack_template.ubuntu",
            "data.cloudstack_zone.dku"
          ]
        },
        {
          "index_key": "registry",
          "schema_version": 0,
          "attributes": {
            "forward": [
              {
                "private_port": 5000,
                "protocol": "tcp",
                "public_port": 30500,
                "uuid": "402b1c1e-f2bc-471b-802a-9274cbd62fa2",
                "virtual_machine_id": "2f84d8f0-ab67-4c4d-b259-b7381dad2d99",
                "vm_guest_ip": ""
              }
            ],
            "id": "1706386a-ed34-419f-a3e5-51977240b56c",
            "ip_address_id": "1706386a-ed34-419f-a3e5-51977240b56c",
            "managed": false,
            "project": null
          },
          "sensitive_attributes": [],
          "identity_schema_version": 0,
          "private": "bnVsbA==",
          "dependencies": [
            "cloudstack_instance.worker",
            "cloudstack_ipaddress.public",
            "cloudstack_network.isolated",
            "data.cloudstack_template.ubuntu",
            "data.cloudstack_zone.dku"
          ]
        }
      ]
    },
    {
      "mode": "managed",
      "type": "cloudstack_port_forward",
      "name": "ssh",
      "provider": "provider[\"registry.terraform.io/cloudstack/cloudstack\"]",
      "instances": [
        {
          "index_key": "master_1",
          "schema_version": 0,
          "attributes": {
            "forward": [
              {
                "private_port": 22,
                "protocol": "tcp",
                "public_port": 3022,
                "uuid": "e94c3ada-9cc7-4af3-8bf6-389b04b76aaa",
                "virtual_machine_id": "743eff1d-e5f6-4e52-a974-0b3ea81b3916",
                "vm_guest_ip": ""
              }
            ],
            "id": "1706386a-ed34-419f-a3e5-51977240b56c",
            "ip_address_id": "1706386a-ed34-419f-a3e5-51977240b56c",
            "managed": false,
            "project": null
          },
          "sensitive_attributes": [],
          "identity_schema_version": 0,
          "private": "bnVsbA==",
          "dependencies": [
            "cloudstack_instance.master",
            "cloudstack_instance.worker",
            "cloudstack_ipaddress.public",
            "cloudstack_network.isolated",
            "data.cloudstack_template.ubuntu",
            "data.cloudstack_zone.dku"
          ]
        },
        {
          "index_key": "worker_1",
          "schema_version": 0,
          "attributes": {
            "forward": [
              {
                "private_port": 22,
                "protocol": "tcp",
                "public_port": 3023,
                "uuid": "57ec47a2-cf15-4095-9b9d-510be9f686cc",
                "virtual_machine_id": "2f84d8f0-ab67-4c4d-b259-b7381dad2d99",
                "vm_guest_ip": ""
              }
            ],
            "id": "1706386a-ed34-419f-a3e5-51977240b56c",
            "ip_address_id": "1706386a-ed34-419f-a3e5-51977240b56c",
            "managed": false,
            "project": null
          },
          "sensitive_attributes": [],
          "identity_schema_version": 0,
          "private": "bnVsbA==",
          "dependencies": [
            "cloudstack_instance.master",
            "cloudstack_instance.worker",
            "cloudstack_ipaddress.public",
            "cloudstack_network.isolated",
            "data.cloudstack_template.ubuntu",
            "data.cloudstack_zone.dku"
          ]
        },
        {
          "index_key": "worker_2",
          "schema_version": 0,
          "attributes": {
            "forward": [
              {
                "private_port": 22,
                "protocol": "tcp",
                "public_port": 3024,
                "uuid": "92701ec3-d331-4542-98fa-df5ca0c761ba",
                "virtual_machine_id": "99956114-f3c1-436d-8f4c-ffcfe65e73b5",
                "vm_guest_ip": ""
              }
            ],
            "id": "1706386a-ed34-419f-a3e5-51977240b56c",
            "ip_address_id": "1706386a-ed34-419f-a3e5-51977240b56c",
            "managed": false,
            "project": null
          },
          "sensitive_attributes": [],
          "identity_schema_version": 0,
          "private": "bnVsbA==",
          "dependencies": [
            "cloudstack_instance.master",
            "cloudstack_instance.worker",
            "cloudstack_ipaddress.public",
            "cloudstack_network.isolated",
            "data.cloudstack_template.ubuntu",
            "data.cloudstack_zone.dku"
          ]
        }
      ]
    },
    {
      "mode": "managed",
      "type": "local_file",
      "name": "ansible_inventory",
      "provider": "provider[\"registry.terraform.io/hashicorp/local\"]",
      "instances": [
        {
          "schema_version": 0,
          "attributes": {
            "content": "[k8s_master]\nmaster-32204837-1 ansible_host=10.0.1.56 ansible_port=3022 ansible_user=ubuntu\n\n[k8s_worker]\nworker-32204837-1 ansible_host=10.0.1.56 ansible_port=3023 ansible_user=ubuntu devops_role=jenkins\nworker-32204837-2 ansible_host=10.0.1.56 ansible_port=3024 ansible_user=ubuntu devops_role=gitlab\n\n[all:vars]\nansible_ssh_private_key_file=/home/ubuntu/.ssh/id_ed25519\nansible_ssh_common_args='-o StrictHostKeyChecking=no'",
            "content_base64": null,
            "content_base64sha256": "oiL+afTIKRYrzEdw36hHUSy30cvRLVYp4U3sYMoHSRE=",
            "content_base64sha512": "JxBj706oWhheubDqGG407hmvm5n424pFQdDkc5CC0Jjrc9c3/iaKpAMCjC1B73SRB7dJNPwqFSr1ryeSaNANvw==",
            "content_md5": "b6e9e51286878545a08c7b63be089bd2",
            "content_sha1": "7cdb1dae173f4ad092691d0b5e73e411a27dd5c8",
            "content_sha256": "a222fe69f4c829162bcc4770dfa847512cb7d1cbd12d5629e14dec60ca074911",
            "content_sha512": "271063ef4ea85a185eb9b0ea186e34ee19af9b99f8db8a4541d0e4739082d098eb73d737fe268aa403028c2d41ef749107b74934fc2a152af5af279268d00dbf",
            "directory_permission": "0777",
            "file_permission": "0777",
            "filename": "./../ansible/inventory/hosts.ini",
            "id": "7cdb1dae173f4ad092691d0b5e73e411a27dd5c8",
            "sensitive_content": null,
            "source": null
          },
          "sensitive_attributes": [
            [
              {
                "type": "get_attr",
                "value": "sensitive_content"
              }
            ]
          ],
          "identity_schema_version": 0,
          "dependencies": [
            "cloudstack_instance.master",
            "cloudstack_instance.worker",
            "cloudstack_ipaddress.public",
            "cloudstack_network.isolated",
            "data.cloudstack_template.ubuntu",
            "data.cloudstack_zone.dku"
          ]
        }
      ]
    }
  ],
  "check_results": null
}
