{
  "version": 4,
  "terraform_version": "1.14.0",
  "serial": 27,
  "lineage": "a1105872-fa90-4716-3f51-971fca99b3da",
  "outputs": {
    "all_private_ips": {
      "value": [
        "192.168.100.79",
        "192.168.100.63",
        "192.168.100.197"
      ],
      "type": [
        "tuple",
        [
          "string",
          "string",
          "string"
        ]
      ]
    },
    "ansible_master_ssh": {
      "value": [
        {
          "ansible_host": "10.0.1.69",
          "name": "master-32204837-1",
          "port": 3022
        }
      ],
      "type": [
        "tuple",
        [
          [
            "object",
            {
              "ansible_host": "string",
              "name": "string",
              "port": "number"
            }
          ]
        ]
      ]
    },
    "ansible_worker_ssh": {
      "value": [
        {
          "ansible_host": "10.0.1.69",
          "name": "worker-32204837-1",
          "port": 3023,
          "role": "jenkins"
        },
        {
          "ansible_host": "10.0.1.69",
          "name": "worker-32204837-2",
          "port": 3024,
          "role": "gitlab"
        }
      ],
      "type": [
        "tuple",
        [
          [
            "object",
            {
              "ansible_host": "string",
              "name": "string",
              "port": "number",
              "role": "string"
            }
          ],
          [
            "object",
            {
              "ansible_host": "string",
              "name": "string",
              "port": "number",
              "role": "string"
            }
          ]
        ]
      ]
    },
    "master_private_ips": {
      "value": [
        "192.168.100.79"
      ],
      "type": [
        "tuple",
        [
          "string"
        ]
      ]
    },
    "public_ip": {
      "value": "10.0.1.69",
      "type": "string"
    },
    "worker_private_ips": {
      "value": [
        "192.168.100.220",
        "192.168.100.193"
      ],
      "type": [
        "tuple",
        [
          "string",
          "string"
        ]
      ]
    }
  },
  "resources": [
    {
      "mode": "data",
      "type": "cloudstack_service_offering",
      "name": "medium",
      "provider": "provider[\"registry.terraform.io/cloudstack/cloudstack\"]",
      "instances": [
        {
          "schema_version": 0,
          "attributes": {
            "display_text": "Medium",
            "filter": [
              {
                "name": "name",
                "value": "Medium"
              }
            ],
            "id": "4ef06575-4528-437c-a104-1efafeac3766",
            "name": "Medium"
          },
          "sensitive_attributes": [],
          "identity_schema_version": 0
        }
      ]
    },
    {
      "mode": "data",
      "type": "cloudstack_template",
      "name": "ubuntu",
      "provider": "provider[\"registry.terraform.io/cloudstack/cloudstack\"]",
      "instances": [
        {
          "schema_version": 0,
          "attributes": {
            "account": "boan",
            "created": "2025-08-31T23:19:04+0900",
            "display_text": "Ubuntu_24.04_VSCode",
            "filter": [
              {
                "name": "name",
                "value": "Ubuntu_24.04"
              }
            ],
            "format": "QCOW2",
            "hypervisor": "KVM",
            "id": "b335d8d4-02d1-4b30-9c9d-df0b05903055",
            "name": "Ubuntu_24.04_VSCode",
            "size": null,
            "tags": {},
            "template_filter": "featured",
            "template_id": "b335d8d4-02d1-4b30-9c9d-df0b05903055"
          },
          "sensitive_attributes": [],
          "identity_schema_version": 0
        }
      ]
    },
    {
      "mode": "data",
      "type": "cloudstack_zone",
      "name": "dku",
      "provider": "provider[\"registry.terraform.io/cloudstack/cloudstack\"]",
      "instances": [
        {
          "schema_version": 0,
          "attributes": {
            "dns1": "",
            "filter": [
              {
                "name": "name",
                "value": "DKU"
              }
            ],
            "id": "7b9de49f-6879-4b4e-8c0c-13f7ff0a86d4",
            "internal_dns1": "",
            "name": "DKU",
            "network_type": "Advanced"
          },
          "sensitive_attributes": [],
          "identity_schema_version": 0
        }
      ]
    },
    {
      "mode": "managed",
      "type": "cloudstack_egress_firewall",
      "name": "egress_all",
      "provider": "provider[\"registry.terraform.io/cloudstack/cloudstack\"]",
      "instances": [
        {
          "schema_version": 0,
          "attributes": {
            "id": "04dd9427-18df-420c-8434-3b2106267b6c",
            "managed": false,
            "network_id": "04dd9427-18df-420c-8434-3b2106267b6c",
            "parallelism": 2,
            "rule": [
              {
                "cidr_list": [
                  "192.168.100.0/24"
                ],
                "icmp_code": 0,
                "icmp_type": 0,
                "ports": [],
                "protocol": "all",
                "uuids": {
                  "all": "fedf0d89-617e-49b0-aa5e-ec91cf3fb2ec"
                }
              }
            ]
          },
          "sensitive_attributes": [],
          "identity_schema_version": 0,
          "private": "bnVsbA==",
          "dependencies": [
            "cloudstack_network.isolated",
            "data.cloudstack_zone.dku"
          ]
        }
      ]
    },
    {
      "mode": "managed",
      "type": "cloudstack_firewall",
      "name": "public_fw",
      "provider": "provider[\"registry.terraform.io/cloudstack/cloudstack\"]",
      "instances": [
        {
          "schema_version": 0,
          "attributes": {
            "id": "6febc9d5-eb29-4f11-ba11-1afac6f295bf",
            "ip_address_id": "6febc9d5-eb29-4f11-ba11-1afac6f295bf",
            "managed": false,
            "parallelism": 2,
            "rule": [
              {
                "cidr_list": [
                  "0.0.0.0/0"
                ],
                "icmp_code": 0,
                "icmp_type": 0,
                "ports": [
                  "30022"
                ],
                "protocol": "tcp",
                "uuids": {
                  "30022": "274381bd-c379-4956-a88f-6ce01da7e324"
                }
              },
              {
                "cidr_list": [
                  "0.0.0.0/0"
                ],
                "icmp_code": 0,
                "icmp_type": 0,
                "ports": [
                  "30080"
                ],
                "protocol": "tcp",
                "uuids": {
                  "30080": "9e04d103-424a-4bca-9ed0-471301f46470"
                }
              },
              {
                "cidr_list": [
                  "0.0.0.0/0"
                ],
                "icmp_code": 0,
                "icmp_type": 0,
                "ports": [
                  "3022"
                ],
                "protocol": "tcp",
                "uuids": {
                  "3022": "329b7133-3075-454c-ac19-03a580c87e5a"
                }
              },
              {
                "cidr_list": [
                  "0.0.0.0/0"
                ],
                "icmp_code": 0,
                "icmp_type": 0,
                "ports": [
                  "3023"
                ],
                "protocol": "tcp",
                "uuids": {
                  "3023": "af4a4fbe-185e-4947-9b4b-1824610225a9"
                }
              },
              {
                "cidr_list": [
                  "0.0.0.0/0"
                ],
                "icmp_code": 0,
                "icmp_type": 0,
                "ports": [
                  "3024"
                ],
                "protocol": "tcp",
                "uuids": {
                  "3024": "ba6eecf1-57ab-4136-87a4-df1a311b235d"
                }
              },
              {
                "cidr_list": [
                  "0.0.0.0/0"
                ],
                "icmp_code": 0,
                "icmp_type": 0,
                "ports": [
                  "30500"
                ],
                "protocol": "tcp",
                "uuids": {
                  "30500": "647c7bc1-4029-4a11-b00f-baa8d1e90e70"
                }
              },
              {
                "cidr_list": [
                  "0.0.0.0/0"
                ],
                "icmp_code": 0,
                "icmp_type": 0,
                "ports": [
                  "30880"
                ],
                "protocol": "tcp",
                "uuids": {
                  "30880": "939d4aba-6171-4fca-ab78-8f869d9a5d35"
                }
              }
            ]
          },
          "sensitive_attributes": [],
          "identity_schema_version": 0,
          "dependencies": [
            "cloudstack_instance.master",
            "cloudstack_instance.worker",
            "cloudstack_ipaddress.public",
            "cloudstack_network.isolated",
            "data.cloudstack_service_offering.medium",
            "data.cloudstack_template.ubuntu",
            "data.cloudstack_zone.dku"
          ]
        }
      ]
    },
    {
      "mode": "managed",
      "type": "cloudstack_instance",
      "name": "worker",
      "provider": "provider[\"registry.terraform.io/cloudstack/cloudstack\"]",
      "instances": [
        {
          "index_key": 0,
          "schema_version": 0,
          "attributes": {
            "affinity_group_ids": null,
            "affinity_group_names": null,
            "cluster_id": null,
            "details": null,
            "display_name": "worker-32204837-1",
            "expunge": true,
            "group": "",
            "host_id": null,
            "id": "466f8980-a4a2-4066-b2ea-04dd3a61d9b6",
            "ip_address": "192.168.100.220",
            "keypair": null,
            "name": "worker-32204837-1",
            "network_id": "04dd9427-18df-420c-8434-3b2106267b6c",
            "nicnetworklist": null,
            "pod_id": null,
            "project": "",
            "properties": null,
            "root_disk_size": 20,
            "security_group_ids": null,
            "security_group_names": null,
            "service_offering": "4ef06575-4528-437c-a104-1efafeac3766",
            "start_vm": true,
            "tags": {},
            "template": "b335d8d4-02d1-4b30-9c9d-df0b05903055",
            "uefi": false,
            "user_data": "743774836901b4d6dc64de063f4795e96802c010",
            "zone": "DKU"
          },
          "sensitive_attributes": [],
          "identity_schema_version": 0,
          "private": "bnVsbA==",
          "dependencies": [
            "cloudstack_network.isolated",
            "data.cloudstack_service_offering.medium",
            "data.cloudstack_template.ubuntu",
            "data.cloudstack_zone.dku"
          ]
        },
        {
          "index_key": 1,
          "schema_version": 0,
          "attributes": {
            "affinity_group_ids": null,
            "affinity_group_names": null,
            "cluster_id": null,
            "details": null,
            "display_name": "worker-32204837-2",
            "expunge": true,
            "group": "",
            "host_id": null,
            "id": "a327771f-aa08-4736-9b1a-02ebe24fc9d0",
            "ip_address": "192.168.100.193",
            "keypair": null,
            "name": "worker-32204837-2",
            "network_id": "04dd9427-18df-420c-8434-3b2106267b6c",
            "nicnetworklist": null,
            "pod_id": null,
            "project": "",
            "properties": null,
            "root_disk_size": 20,
            "security_group_ids": null,
            "security_group_names": null,
            "service_offering": "4ef06575-4528-437c-a104-1efafeac3766",
            "start_vm": true,
            "tags": {},
            "template": "b335d8d4-02d1-4b30-9c9d-df0b05903055",
            "uefi": false,
            "user_data": "743774836901b4d6dc64de063f4795e96802c010",
            "zone": "DKU"
          },
          "sensitive_attributes": [],
          "identity_schema_version": 0,
          "private": "bnVsbA==",
          "dependencies": [
            "cloudstack_network.isolated",
            "data.cloudstack_service_offering.medium",
            "data.cloudstack_template.ubuntu",
            "data.cloudstack_zone.dku"
          ]
        }
      ]
    },
    {
      "mode": "managed",
      "type": "cloudstack_ipaddress",
      "name": "public",
      "provider": "provider[\"registry.terraform.io/cloudstack/cloudstack\"]",
      "instances": [
        {
          "schema_version": 0,
          "attributes": {
            "id": "6febc9d5-eb29-4f11-ba11-1afac6f295bf",
            "ip_address": "10.0.1.69",
            "is_portable": false,
            "is_source_nat": true,
            "network_id": "04dd9427-18df-420c-8434-3b2106267b6c",
            "project": "",
            "tags": {},
            "vpc_id": null,
            "zone": null
          },
          "sensitive_attributes": [],
          "identity_schema_version": 0,
          "dependencies": [
            "cloudstack_network.isolated",
            "data.cloudstack_zone.dku"
          ]
        }
      ]
    },
    {
      "mode": "managed",
      "type": "cloudstack_network",
      "name": "isolated",
      "provider": "provider[\"registry.terraform.io/cloudstack/cloudstack\"]",
      "instances": [
        {
          "schema_version": 0,
          "attributes": {
            "acl_id": "none",
            "cidr": "192.168.100.0/24",
            "display_text": "Terraform Isolated Network",
            "endip": null,
            "gateway": "192.168.100.1",
            "id": "04dd9427-18df-420c-8434-3b2106267b6c",
            "name": "terraform-32204837",
            "network_domain": "cs3bdku.kloud.internal",
            "network_offering": "DefaultIsolatedNetworkOfferingWithSourceNatService",
            "project": "",
            "source_nat_ip": null,
            "source_nat_ip_address": null,
            "source_nat_ip_id": null,
            "startip": null,
            "tags": {},
            "vlan": null,
            "vpc_id": "",
            "zone": "DKU"
          },
          "sensitive_attributes": [],
          "identity_schema_version": 0,
          "dependencies": [
            "data.cloudstack_zone.dku"
          ]
        }
      ]
    },
    {
      "mode": "managed",
      "type": "cloudstack_port_forward",
      "name": "services",
      "provider": "provider[\"registry.terraform.io/cloudstack/cloudstack\"]",
      "instances": [
        {
          "index_key": "gitlab_http",
          "schema_version": 0,
          "attributes": {
            "forward": [
              {
                "private_port": 80,
                "protocol": "tcp",
                "public_port": 30080,
                "uuid": "8751ad4a-ce0e-4725-a367-7630e728baa6",
                "virtual_machine_id": "466f8980-a4a2-4066-b2ea-04dd3a61d9b6",
                "vm_guest_ip": ""
              }
            ],
            "id": "6febc9d5-eb29-4f11-ba11-1afac6f295bf",
            "ip_address_id": "6febc9d5-eb29-4f11-ba11-1afac6f295bf",
            "managed": false,
            "project": null
          },
          "sensitive_attributes": [],
          "identity_schema_version": 0,
          "private": "bnVsbA==",
          "dependencies": [
            "cloudstack_instance.worker",
            "cloudstack_ipaddress.public",
            "cloudstack_network.isolated",
            "data.cloudstack_service_offering.medium",
            "data.cloudstack_template.ubuntu",
            "data.cloudstack_zone.dku"
          ]
        },
        {
          "index_key": "gitlab_ssh",
          "schema_version": 0,
          "attributes": {
            "forward": [
              {
                "private_port": 22,
                "protocol": "tcp",
                "public_port": 30022,
                "uuid": "dcbe60a0-703a-4cee-ba54-fd8f21049b9b",
                "virtual_machine_id": "466f8980-a4a2-4066-b2ea-04dd3a61d9b6",
                "vm_guest_ip": ""
              }
            ],
            "id": "6febc9d5-eb29-4f11-ba11-1afac6f295bf",
            "ip_address_id": "6febc9d5-eb29-4f11-ba11-1afac6f295bf",
            "managed": false,
            "project": null
          },
          "sensitive_attributes": [],
          "identity_schema_version": 0,
          "private": "bnVsbA==",
          "dependencies": [
            "cloudstack_instance.worker",
            "cloudstack_ipaddress.public",
            "cloudstack_network.isolated",
            "data.cloudstack_service_offering.medium",
            "data.cloudstack_template.ubuntu",
            "data.cloudstack_zone.dku"
          ]
        },
        {
          "index_key": "jenkins_http",
          "schema_version": 0,
          "attributes": {
            "forward": [
              {
                "private_port": 8080,
                "protocol": "tcp",
                "public_port": 30880,
                "uuid": "4a6ec939-6d65-4c16-9298-04f40d0cc057",
                "virtual_machine_id": "466f8980-a4a2-4066-b2ea-04dd3a61d9b6",
                "vm_guest_ip": ""
              }
            ],
            "id": "6febc9d5-eb29-4f11-ba11-1afac6f295bf",
            "ip_address_id": "6febc9d5-eb29-4f11-ba11-1afac6f295bf",
            "managed": false,
            "project": null
          },
          "sensitive_attributes": [],
          "identity_schema_version": 0,
          "private": "bnVsbA==",
          "dependencies": [
            "cloudstack_instance.worker",
            "cloudstack_ipaddress.public",
            "cloudstack_network.isolated",
            "data.cloudstack_service_offering.medium",
            "data.cloudstack_template.ubuntu",
            "data.cloudstack_zone.dku"
          ]
        },
        {
          "index_key": "registry",
          "schema_version": 0,
          "attributes": {
            "forward": [
              {
                "private_port": 5000,
                "protocol": "tcp",
                "public_port": 30500,
                "uuid": "da255d6a-af6e-4695-8f9b-b40826931d76",
                "virtual_machine_id": "466f8980-a4a2-4066-b2ea-04dd3a61d9b6",
                "vm_guest_ip": ""
              }
            ],
            "id": "6febc9d5-eb29-4f11-ba11-1afac6f295bf",
            "ip_address_id": "6febc9d5-eb29-4f11-ba11-1afac6f295bf",
            "managed": false,
            "project": null
          },
          "sensitive_attributes": [],
          "identity_schema_version": 0,
          "private": "bnVsbA==",
          "dependencies": [
            "cloudstack_instance.worker",
            "cloudstack_ipaddress.public",
            "cloudstack_network.isolated",
            "data.cloudstack_service_offering.medium",
            "data.cloudstack_template.ubuntu",
            "data.cloudstack_zone.dku"
          ]
        }
      ]
    },
    {
      "mode": "managed",
      "type": "cloudstack_port_forward",
      "name": "ssh",
      "provider": "provider[\"registry.terraform.io/cloudstack/cloudstack\"]",
      "instances": [
        {
          "index_key": "master_1",
          "schema_version": 0,
          "attributes": {
            "forward": [
              {
                "private_port": 22,
                "protocol": "tcp",
                "public_port": 3022,
                "uuid": "5c98af4f-8af4-49ca-95b1-3e637dba6c2a",
                "virtual_machine_id": "6e5c2255-0152-4489-92d3-ef70b9e08777",
                "vm_guest_ip": ""
              }
            ],
            "id": "6febc9d5-eb29-4f11-ba11-1afac6f295bf",
            "ip_address_id": "6febc9d5-eb29-4f11-ba11-1afac6f295bf",
            "managed": false,
            "project": null
          },
          "sensitive_attributes": [],
          "identity_schema_version": 0,
          "dependencies": [
            "cloudstack_instance.master",
            "cloudstack_instance.worker",
            "cloudstack_ipaddress.public",
            "cloudstack_network.isolated",
            "data.cloudstack_service_offering.medium",
            "data.cloudstack_template.ubuntu",
            "data.cloudstack_zone.dku"
          ]
        },
        {
          "index_key": "worker_1",
          "schema_version": 0,
          "attributes": {
            "forward": [
              {
                "private_port": 22,
                "protocol": "tcp",
                "public_port": 3023,
                "uuid": "77899fc1-c570-46bb-a068-bf41499e0c27",
                "virtual_machine_id": "3db021c4-86a5-4a71-80db-8b16dec2923f",
                "vm_guest_ip": ""
              }
            ],
            "id": "6febc9d5-eb29-4f11-ba11-1afac6f295bf",
            "ip_address_id": "6febc9d5-eb29-4f11-ba11-1afac6f295bf",
            "managed": false,
            "project": null
          },
          "sensitive_attributes": [],
          "identity_schema_version": 0,
          "dependencies": [
            "cloudstack_instance.master",
            "cloudstack_instance.worker",
            "cloudstack_ipaddress.public",
            "cloudstack_network.isolated",
            "data.cloudstack_service_offering.medium",
            "data.cloudstack_template.ubuntu",
            "data.cloudstack_zone.dku"
          ]
        },
        {
          "index_key": "worker_2",
          "schema_version": 0,
          "attributes": {
            "forward": [
              {
                "private_port": 22,
                "protocol": "tcp",
                "public_port": 3024,
                "uuid": "886d4e29-4ea9-4d2a-b464-ff162af204ff",
                "virtual_machine_id": "72244f90-f01a-4917-87cc-7e389de1d4f1",
                "vm_guest_ip": ""
              }
            ],
            "id": "6febc9d5-eb29-4f11-ba11-1afac6f295bf",
            "ip_address_id": "6febc9d5-eb29-4f11-ba11-1afac6f295bf",
            "managed": false,
            "project": null
          },
          "sensitive_attributes": [],
          "identity_schema_version": 0,
          "dependencies": [
            "cloudstack_instance.master",
            "cloudstack_instance.worker",
            "cloudstack_ipaddress.public",
            "cloudstack_network.isolated",
            "data.cloudstack_service_offering.medium",
            "data.cloudstack_template.ubuntu",
            "data.cloudstack_zone.dku"
          ]
        }
      ]
    }
  ],
  "check_results": null
}
